{
  "name": "sampleSkyflow",
  "version": "1.0.0",
  "lockfileVersion": 1,
  "requires": true,
  "dependencies": {
    "@apollo/client": {
      "version": "3.1.3",
      "resolved": "https://prekarilabs.jfrog.io/prekarilabs/api/npm/npm/@apollo/client/-/client-3.1.3.tgz",
      "integrity": "sha1-TqnDgYvSg2o9viYIgifD2MtGrSs=",
      "requires": {
        "@types/zen-observable": "^0.8.0",
        "@wry/context": "^0.5.2",
        "@wry/equality": "^0.2.0",
        "fast-json-stable-stringify": "^2.0.0",
        "graphql-tag": "^2.11.0",
        "hoist-non-react-statics": "^3.3.2",
        "optimism": "^0.12.1",
        "prop-types": "^15.7.2",
        "symbol-observable": "^1.2.0",
        "ts-invariant": "^0.4.4",
        "tslib": "^1.10.0",
        "zen-observable": "^0.8.14"
      }
    },
    "@apollo/react-hooks": {
      "version": "4.0.0",
      "resolved": "https://prekarilabs.jfrog.io/prekarilabs/api/npm/npm/@apollo/react-hooks/-/react-hooks-4.0.0.tgz",
      "integrity": "sha1-e/ezIMkNJ29jfZqEtQPhe4QN1OY=",
      "requires": {
        "@apollo/client": "^3.1.3"
      }
    },
    "@babel/runtime": {
      "version": "7.11.2",
      "resolved": "https://prekarilabs.jfrog.io/prekarilabs/api/npm/npm/@babel/runtime/-/runtime-7.11.2.tgz",
      "integrity": "sha1-9UnBPHVMxAuHZEufqfCaapX+BzY=",
      "requires": {
        "regenerator-runtime": "^0.13.4"
      }
    },
    "@types/zen-observable": {
      "version": "0.8.0",
      "resolved": "https://prekarilabs.jfrog.io/prekarilabs/api/npm/npm/@types/zen-observable/-/zen-observable-0.8.0.tgz",
      "integrity": "sha1-i2OrfxqlMhJIqtWsiQpIVlbc6k0="
    },
    "@wry/context": {
      "version": "0.5.2",
      "resolved": "https://prekarilabs.jfrog.io/prekarilabs/api/npm/npm/@wry/context/-/context-0.5.2.tgz",
      "integrity": "sha1-8qXVq5InNDqnTIHgZTPB74RZjsc=",
      "requires": {
        "tslib": "^1.9.3"
      }
    },
    "@wry/equality": {
      "version": "0.2.0",
      "resolved": "https://prekarilabs.jfrog.io/prekarilabs/api/npm/npm/@wry/equality/-/equality-0.2.0.tgz",
      "integrity": "sha1-oxLRtqaC0JCZBMK801WwIwMQT7c=",
      "requires": {
        "tslib": "^1.9.3"
      }
    },
    "Base64": {
      "version": "1.1.0",
      "resolved": "https://prekarilabs.jfrog.io/prekarilabs/api/npm/npm/Base64/-/Base64-1.1.0.tgz",
      "integrity": "sha1-gQ7yGvqDV9+SrXtTiRiMRGucuVY="
    },
    "accepts": {
      "version": "1.3.7",
      "resolved": "https://prekarilabs.jfrog.io/prekarilabs/api/npm/npm/accepts/-/accepts-1.3.7.tgz",
      "integrity": "sha1-UxvHJlF6OytB+FACHGzBXqq1B80=",
      "requires": {
        "mime-types": "~2.1.24",
        "negotiator": "0.6.2"
      }
    },
    "array-flatten": {
      "version": "1.1.1",
      "resolved": "https://prekarilabs.jfrog.io/prekarilabs/api/npm/npm/array-flatten/-/array-flatten-1.1.1.tgz",
      "integrity": "sha1-ml9pkFGx5wczKPKgCJaLZOopVdI="
    },
    "asynckit": {
      "version": "0.4.0",
      "resolved": "https://prekarilabs.jfrog.io/prekarilabs/api/npm/npm/asynckit/-/asynckit-0.4.0.tgz",
      "integrity": "sha1-x57Zf380y48robyXkLzDZkdLS3k="
    },
    "axios": {
      "version": "0.19.2",
      "resolved": "https://prekarilabs.jfrog.io/prekarilabs/api/npm/npm/axios/-/axios-0.19.2.tgz",
      "integrity": "sha1-PqNsXYgY0NX4qKl6bTa4bNwAyyc=",
      "requires": {
        "follow-redirects": "1.5.10"
      }
    },
    "biskviit": {
      "version": "1.0.1",
      "resolved": "https://prekarilabs.jfrog.io/prekarilabs/api/npm/npm/biskviit/-/biskviit-1.0.1.tgz",
      "integrity": "sha1-A3oM1LcbnjMf2QoRIt4X3EnkIKc=",
      "requires": {
        "psl": "^1.1.7"
      }
    },
    "body-parser": {
      "version": "1.19.0",
      "resolved": "https://prekarilabs.jfrog.io/prekarilabs/api/npm/npm/body-parser/-/body-parser-1.19.0.tgz",
      "integrity": "sha1-lrJwnlfJxOCab9Zqj9l5hE9p8Io=",
      "requires": {
        "bytes": "3.1.0",
        "content-type": "~1.0.4",
        "debug": "2.6.9",
        "depd": "~1.1.2",
        "http-errors": "1.7.2",
        "iconv-lite": "0.4.24",
        "on-finished": "~2.3.0",
        "qs": "6.7.0",
        "raw-body": "2.4.0",
        "type-is": "~1.6.17"
      }
    },
    "buffer-equal-constant-time": {
      "version": "1.0.1",
      "resolved": "https://prekarilabs.jfrog.io/prekarilabs/api/npm/npm/buffer-equal-constant-time/-/buffer-equal-constant-time-1.0.1.tgz",
      "integrity": "sha1-+OcRMvf/5uAaXJaXpMbz5I1cyBk="
    },
    "bytes": {
      "version": "3.1.0",
      "resolved": "https://prekarilabs.jfrog.io/prekarilabs/api/npm/npm/bytes/-/bytes-3.1.0.tgz",
      "integrity": "sha1-9s95M6Ng4FiPqf3oVlHNx/gF0fY="
    },
    "combined-stream": {
      "version": "1.0.8",
      "resolved": "https://prekarilabs.jfrog.io/prekarilabs/api/npm/npm/combined-stream/-/combined-stream-1.0.8.tgz",
      "integrity": "sha1-w9RaizT9cwYxoRCoolIGgrMdWn8=",
      "requires": {
        "delayed-stream": "~1.0.0"
      }
    },
    "content-disposition": {
      "version": "0.5.3",
      "resolved": "https://prekarilabs.jfrog.io/prekarilabs/api/npm/npm/content-disposition/-/content-disposition-0.5.3.tgz",
      "integrity": "sha1-4TDK9+cnkIfFYWwgB9BIVpiYT70=",
      "requires": {
        "safe-buffer": "5.1.2"
      }
    },
    "content-type": {
      "version": "1.0.4",
      "resolved": "https://prekarilabs.jfrog.io/prekarilabs/api/npm/npm/content-type/-/content-type-1.0.4.tgz",
      "integrity": "sha1-4TjMdeBAxyexlm/l5fjJruJW/js="
    },
    "cookie": {
      "version": "0.4.0",
      "resolved": "https://prekarilabs.jfrog.io/prekarilabs/api/npm/npm/cookie/-/cookie-0.4.0.tgz",
      "integrity": "sha1-vrQ35wIrO21JAZ0IhmUwPr6cFLo="
    },
    "cookie-signature": {
      "version": "1.0.6",
      "resolved": "https://prekarilabs.jfrog.io/prekarilabs/api/npm/npm/cookie-signature/-/cookie-signature-1.0.6.tgz",
      "integrity": "sha1-4wOogrNCzD7oylE6eZmXNNqzriw="
    },
    "debug": {
      "version": "2.6.9",
      "resolved": "https://prekarilabs.jfrog.io/prekarilabs/api/npm/npm/debug/-/debug-2.6.9.tgz",
      "integrity": "sha1-XRKFFd8TT/Mn6QpMk/Tgd6U2NB8=",
      "requires": {
        "ms": "2.0.0"
      }
    },
    "delayed-stream": {
      "version": "1.0.0",
      "resolved": "https://prekarilabs.jfrog.io/prekarilabs/api/npm/npm/delayed-stream/-/delayed-stream-1.0.0.tgz",
      "integrity": "sha1-3zrhmayt+31ECqrgsp4icrJOxhk="
    },
    "depd": {
      "version": "1.1.2",
      "resolved": "https://prekarilabs.jfrog.io/prekarilabs/api/npm/npm/depd/-/depd-1.1.2.tgz",
      "integrity": "sha1-m81S4UwJd2PnSbJ0xDRu0uVgtak="
    },
    "destroy": {
      "version": "1.0.4",
      "resolved": "https://prekarilabs.jfrog.io/prekarilabs/api/npm/npm/destroy/-/destroy-1.0.4.tgz",
      "integrity": "sha1-l4hXRCxEdJ5CBmE+N5RiBYJqvYA="
    },
    "dotenv": {
      "version": "8.2.0",
      "resolved": "https://prekarilabs.jfrog.io/prekarilabs/api/npm/npm/dotenv/-/dotenv-8.2.0.tgz",
      "integrity": "sha1-l+YZJZradQ7qPk6j4mvO6lQksWo="
    },
    "ecdsa-sig-formatter": {
      "version": "1.0.11",
      "resolved": "https://prekarilabs.jfrog.io/prekarilabs/api/npm/npm/ecdsa-sig-formatter/-/ecdsa-sig-formatter-1.0.11.tgz",
      "integrity": "sha1-rg8PothQRe8UqBfao86azQSJ5b8=",
      "requires": {
        "safe-buffer": "^5.0.1"
      }
    },
    "ee-first": {
      "version": "1.1.1",
      "resolved": "https://prekarilabs.jfrog.io/prekarilabs/api/npm/npm/ee-first/-/ee-first-1.1.1.tgz",
      "integrity": "sha1-WQxhFWsK4vTwJVcyoViyZrxWsh0="
    },
    "encodeurl": {
      "version": "1.0.2",
      "resolved": "https://prekarilabs.jfrog.io/prekarilabs/api/npm/npm/encodeurl/-/encodeurl-1.0.2.tgz",
      "integrity": "sha1-rT/0yG7C0CkyL1oCw6mmBslbP1k="
    },
    "encoding": {
      "version": "0.1.12",
      "resolved": "https://prekarilabs.jfrog.io/prekarilabs/api/npm/npm/encoding/-/encoding-0.1.12.tgz",
      "integrity": "sha1-U4tm8+5izRq1HsMjgp0flIDHS+s=",
      "requires": {
        "iconv-lite": "~0.4.13"
      }
    },
    "escape-html": {
      "version": "1.0.3",
      "resolved": "https://prekarilabs.jfrog.io/prekarilabs/api/npm/npm/escape-html/-/escape-html-1.0.3.tgz",
      "integrity": "sha1-Aljq5NPQwJdN4cFpGI7wBR0dGYg="
    },
    "etag": {
      "version": "1.8.1",
      "resolved": "https://prekarilabs.jfrog.io/prekarilabs/api/npm/npm/etag/-/etag-1.8.1.tgz",
      "integrity": "sha1-Qa4u62XvpiJorr/qg6x9eSmbCIc="
    },
    "express": {
      "version": "4.17.1",
      "resolved": "https://prekarilabs.jfrog.io/prekarilabs/api/npm/npm/express/-/express-4.17.1.tgz",
      "integrity": "sha1-RJH8OGBc9R+GKdOcK10Cb5ikwTQ=",
      "requires": {
        "accepts": "~1.3.7",
        "array-flatten": "1.1.1",
        "body-parser": "1.19.0",
        "content-disposition": "0.5.3",
        "content-type": "~1.0.4",
        "cookie": "0.4.0",
        "cookie-signature": "1.0.6",
        "debug": "2.6.9",
        "depd": "~1.1.2",
        "encodeurl": "~1.0.2",
        "escape-html": "~1.0.3",
        "etag": "~1.8.1",
        "finalhandler": "~1.1.2",
        "fresh": "0.5.2",
        "merge-descriptors": "1.0.1",
        "methods": "~1.1.2",
        "on-finished": "~2.3.0",
        "parseurl": "~1.3.3",
        "path-to-regexp": "0.1.7",
        "proxy-addr": "~2.0.5",
        "qs": "6.7.0",
        "range-parser": "~1.2.1",
        "safe-buffer": "5.1.2",
        "send": "0.17.1",
        "serve-static": "1.14.1",
        "setprototypeof": "1.1.1",
        "statuses": "~1.5.0",
        "type-is": "~1.6.18",
        "utils-merge": "1.0.1",
        "vary": "~1.1.2"
      }
    },
    "express-graphql": {
      "version": "0.11.0",
      "resolved": "https://prekarilabs.jfrog.io/prekarilabs/api/npm/npm/express-graphql/-/express-graphql-0.11.0.tgz",
      "integrity": "sha1-SAifDUAHTXeDxl/4bdnK6Vr+ou8=",
      "requires": {
        "accepts": "^1.3.7",
        "content-type": "^1.0.4",
        "http-errors": "1.8.0",
        "raw-body": "^2.4.1"
      },
      "dependencies": {
        "http-errors": {
          "version": "1.8.0",
          "resolved": "https://prekarilabs.jfrog.io/prekarilabs/api/npm/npm/http-errors/-/http-errors-1.8.0.tgz",
          "integrity": "sha1-ddG75JfhBE9R5O6ecEpi8o0zZQc=",
          "requires": {
            "depd": "~1.1.2",
            "inherits": "2.0.4",
            "setprototypeof": "1.2.0",
            "statuses": ">= 1.5.0 < 2",
            "toidentifier": "1.0.0"
          }
        },
        "inherits": {
          "version": "2.0.4",
          "resolved": "https://prekarilabs.jfrog.io/prekarilabs/api/npm/npm/inherits/-/inherits-2.0.4.tgz",
          "integrity": "sha1-D6LGT5MpF8NDOg3tVTY6rjdBa3w="
        },
        "raw-body": {
          "version": "2.4.1",
          "resolved": "https://prekarilabs.jfrog.io/prekarilabs/api/npm/npm/raw-body/-/raw-body-2.4.1.tgz",
          "integrity": "sha1-MKyC+Yu1rowVLmcUnayNVRU7Fow=",
          "requires": {
            "bytes": "3.1.0",
            "http-errors": "1.7.3",
            "iconv-lite": "0.4.24",
            "unpipe": "1.0.0"
          },
          "dependencies": {
            "http-errors": {
              "version": "1.7.3",
              "resolved": "https://prekarilabs.jfrog.io/prekarilabs/api/npm/npm/http-errors/-/http-errors-1.7.3.tgz",
              "integrity": "sha1-bGGeT5xgMIw4UZSYwU+7EKrOuwY=",
              "requires": {
                "depd": "~1.1.2",
                "inherits": "2.0.4",
                "setprototypeof": "1.1.1",
                "statuses": ">= 1.5.0 < 2",
                "toidentifier": "1.0.0"
              }
            },
            "setprototypeof": {
              "version": "1.1.1",
              "resolved": "https://prekarilabs.jfrog.io/prekarilabs/api/npm/npm/setprototypeof/-/setprototypeof-1.1.1.tgz",
              "integrity": "sha1-fpWsskqpL1iF4KvvW6ExMw1K5oM="
            }
          }
        },
        "setprototypeof": {
          "version": "1.2.0",
          "resolved": "https://prekarilabs.jfrog.io/prekarilabs/api/npm/npm/setprototypeof/-/setprototypeof-1.2.0.tgz",
          "integrity": "sha1-ZsmiSnP5/CjL5msJ/tPTPcrxtCQ="
        }
      }
    },
    "fast-json-stable-stringify": {
      "version": "2.1.0",
      "resolved": "https://prekarilabs.jfrog.io/prekarilabs/api/npm/npm/fast-json-stable-stringify/-/fast-json-stable-stringify-2.1.0.tgz",
      "integrity": "sha1-h0v2nG9ATCtdmcSBNBOZ/VWJJjM="
    },
    "fetch": {
      "version": "1.1.0",
      "resolved": "https://prekarilabs.jfrog.io/prekarilabs/api/npm/npm/fetch/-/fetch-1.1.0.tgz",
      "integrity": "sha1-CoJ58Gvjf58Ou1Z1YKMKSA2lmi4=",
      "requires": {
        "biskviit": "1.0.1",
        "encoding": "0.1.12"
      }
    },
    "finalhandler": {
      "version": "1.1.2",
      "resolved": "https://prekarilabs.jfrog.io/prekarilabs/api/npm/npm/finalhandler/-/finalhandler-1.1.2.tgz",
      "integrity": "sha1-t+fQAP/RGTjQ/bBTUG9uur6fWH0=",
      "requires": {
        "debug": "2.6.9",
        "encodeurl": "~1.0.2",
        "escape-html": "~1.0.3",
        "on-finished": "~2.3.0",
        "parseurl": "~1.3.3",
        "statuses": "~1.5.0",
        "unpipe": "~1.0.0"
      }
    },
    "follow-redirects": {
      "version": "1.5.10",
      "resolved": "https://prekarilabs.jfrog.io/prekarilabs/api/npm/npm/follow-redirects/-/follow-redirects-1.5.10.tgz",
      "integrity": "sha1-e3qfmuov3/NnhqlP9kPtB/T/Xio=",
      "requires": {
        "debug": "=3.1.0"
      },
      "dependencies": {
        "debug": {
          "version": "3.1.0",
          "resolved": "https://prekarilabs.jfrog.io/prekarilabs/api/npm/npm/debug/-/debug-3.1.0.tgz",
          "integrity": "sha1-W7WgZyYotkFJVmuhaBnmFRjGcmE=",
          "requires": {
            "ms": "2.0.0"
          }
        }
      }
    },
    "form-data": {
      "version": "2.5.1",
      "resolved": "https://prekarilabs.jfrog.io/prekarilabs/api/npm/npm/form-data/-/form-data-2.5.1.tgz",
      "integrity": "sha1-8svsV7XlniNxbhKP5E1OXdI4lfQ=",
      "requires": {
        "asynckit": "^0.4.0",
        "combined-stream": "^1.0.6",
        "mime-types": "^2.1.12"
      }
    },
    "forwarded": {
      "version": "0.1.2",
      "resolved": "https://prekarilabs.jfrog.io/prekarilabs/api/npm/npm/forwarded/-/forwarded-0.1.2.tgz",
      "integrity": "sha1-mMI9qxF1ZXuMBXPozszZGw/xjIQ="
    },
    "fresh": {
      "version": "0.5.2",
      "resolved": "https://prekarilabs.jfrog.io/prekarilabs/api/npm/npm/fresh/-/fresh-0.5.2.tgz",
      "integrity": "sha1-PYyt2Q2XZWn6g1qx+OSyOhBWBac="
    },
    "graphql": {
      "version": "15.3.0",
      "resolved": "https://prekarilabs.jfrog.io/prekarilabs/api/npm/npm/graphql/-/graphql-15.3.0.tgz",
      "integrity": "sha1-OtKwyqsNEQ475KWpsqooHjYrUng="
    },
    "graphql-tag": {
      "version": "2.11.0",
      "resolved": "https://prekarilabs.jfrog.io/prekarilabs/api/npm/npm/graphql-tag/-/graphql-tag-2.11.0.tgz",
      "integrity": "sha1-HetToBxGp+tAHWy1neyG+hzMv/0="
    },
    "hoist-non-react-statics": {
      "version": "3.3.2",
      "resolved": "https://prekarilabs.jfrog.io/prekarilabs/api/npm/npm/hoist-non-react-statics/-/hoist-non-react-statics-3.3.2.tgz",
      "integrity": "sha1-7OCsr3HWLClpwuxZ/v9CpLGoW0U=",
      "requires": {
        "react-is": "^16.7.0"
      }
    },
    "http-errors": {
      "version": "1.7.2",
      "resolved": "https://prekarilabs.jfrog.io/prekarilabs/api/npm/npm/http-errors/-/http-errors-1.7.2.tgz",
      "integrity": "sha1-T1ApzxMjnzEDblsuVSkrz7zIXI8=",
      "requires": {
        "depd": "~1.1.2",
        "inherits": "2.0.3",
        "setprototypeof": "1.1.1",
        "statuses": ">= 1.5.0 < 2",
        "toidentifier": "1.0.0"
      }
    },
    "https": {
      "version": "1.0.0",
      "resolved": "https://prekarilabs.jfrog.io/prekarilabs/api/npm/npm/https/-/https-1.0.0.tgz",
      "integrity": "sha1-PDfHrhqO65ZpBKKtHpdaGUt+06Q="
    },
    "iconv-lite": {
      "version": "0.4.24",
      "resolved": "https://prekarilabs.jfrog.io/prekarilabs/api/npm/npm/iconv-lite/-/iconv-lite-0.4.24.tgz",
      "integrity": "sha1-ICK0sl+93CHS9SSXSkdKr+czkIs=",
      "requires": {
        "safer-buffer": ">= 2.1.2 < 3"
      }
    },
    "inherits": {
      "version": "2.0.3",
      "resolved": "https://prekarilabs.jfrog.io/prekarilabs/api/npm/npm/inherits/-/inherits-2.0.3.tgz",
      "integrity": "sha1-Yzwsg+PaQqUC9SRmAiSA9CCCYd4="
    },
    "ipaddr.js": {
      "version": "1.9.1",
      "resolved": "https://prekarilabs.jfrog.io/prekarilabs/api/npm/npm/ipaddr.js/-/ipaddr.js-1.9.1.tgz",
      "integrity": "sha1-v/OFQ+64mEglB5/zoqjmy9RngbM="
    },
    "is-plain-obj": {
      "version": "1.1.0",
      "resolved": "https://prekarilabs.jfrog.io/prekarilabs/api/npm/npm/is-plain-obj/-/is-plain-obj-1.1.0.tgz",
      "integrity": "sha1-caUMhCnfync8kqOQpKA7OfzVHT4="
    },
    "is-regexp": {
      "version": "1.0.0",
      "resolved": "https://prekarilabs.jfrog.io/prekarilabs/api/npm/npm/is-regexp/-/is-regexp-1.0.0.tgz",
      "integrity": "sha1-/S2INUXEa6xaYz57mgnof6LLUGk="
    },
    "js-tokens": {
      "version": "4.0.0",
      "resolved": "https://prekarilabs.jfrog.io/prekarilabs/api/npm/npm/js-tokens/-/js-tokens-4.0.0.tgz",
      "integrity": "sha1-GSA/tZmR35jjoocFDUZHzerzJJk="
    },
    "jsonwebtoken": {
      "version": "8.5.1",
      "resolved": "https://prekarilabs.jfrog.io/prekarilabs/api/npm/npm/jsonwebtoken/-/jsonwebtoken-8.5.1.tgz",
      "integrity": "sha1-AOceC431TCEhofJhN98igGc7zA0=",
      "requires": {
        "jws": "^3.2.2",
        "lodash.includes": "^4.3.0",
        "lodash.isboolean": "^3.0.3",
        "lodash.isinteger": "^4.0.4",
        "lodash.isnumber": "^3.0.3",
        "lodash.isplainobject": "^4.0.6",
        "lodash.isstring": "^4.0.1",
        "lodash.once": "^4.0.0",
        "ms": "^2.1.1",
        "semver": "^5.6.0"
      },
      "dependencies": {
        "ms": {
          "version": "2.1.2",
          "resolved": "https://prekarilabs.jfrog.io/prekarilabs/api/npm/npm/ms/-/ms-2.1.2.tgz",
          "integrity": "sha1-0J0fNXtEP0kzgqjrPM0YOHKuYAk="
        }
      }
    },
    "jwa": {
      "version": "1.4.1",
      "resolved": "https://prekarilabs.jfrog.io/prekarilabs/api/npm/npm/jwa/-/jwa-1.4.1.tgz",
      "integrity": "sha1-dDwymFy56YZVUw1TZBtmyGRbA5o=",
      "requires": {
        "buffer-equal-constant-time": "1.0.1",
        "ecdsa-sig-formatter": "1.0.11",
        "safe-buffer": "^5.0.1"
      }
    },
    "jws": {
      "version": "3.2.2",
      "resolved": "https://prekarilabs.jfrog.io/prekarilabs/api/npm/npm/jws/-/jws-3.2.2.tgz",
      "integrity": "sha1-ABCZ82OUaMlBQADpmZX6UvtHgwQ=",
      "requires": {
        "jwa": "^1.4.1",
        "safe-buffer": "^5.0.1"
      }
    },
    "jwt-decode": {
      "version": "2.2.0",
      "resolved": "https://prekarilabs.jfrog.io/prekarilabs/api/npm/npm/jwt-decode/-/jwt-decode-2.2.0.tgz",
      "integrity": "sha1-fYa9VmefWM5qhHBKZX3TkruoGnk="
    },
    "lodash": {
      "version": "4.17.20",
      "resolved": "https://prekarilabs.jfrog.io/prekarilabs/api/npm/npm/lodash/-/lodash-4.17.20.tgz",
      "integrity": "sha1-tEqbYpe8tpjxxRo1RaKzs2jVnFI="
    },
    "lodash.includes": {
      "version": "4.3.0",
      "resolved": "https://prekarilabs.jfrog.io/prekarilabs/api/npm/npm/lodash.includes/-/lodash.includes-4.3.0.tgz",
      "integrity": "sha1-YLuYqHy5I8aMoeUTJUgzFISfVT8="
    },
    "lodash.isboolean": {
      "version": "3.0.3",
      "resolved": "https://prekarilabs.jfrog.io/prekarilabs/api/npm/npm/lodash.isboolean/-/lodash.isboolean-3.0.3.tgz",
      "integrity": "sha1-bC4XHbKiV82WgC/UOwGyDV9YcPY="
    },
    "lodash.isinteger": {
      "version": "4.0.4",
      "resolved": "https://prekarilabs.jfrog.io/prekarilabs/api/npm/npm/lodash.isinteger/-/lodash.isinteger-4.0.4.tgz",
      "integrity": "sha1-YZwK89A/iwTDH1iChAt3sRzWg0M="
    },
    "lodash.isnumber": {
      "version": "3.0.3",
      "resolved": "https://prekarilabs.jfrog.io/prekarilabs/api/npm/npm/lodash.isnumber/-/lodash.isnumber-3.0.3.tgz",
      "integrity": "sha1-POdoEMWSjQM1IwGsKHMX8RwLH/w="
    },
    "lodash.isplainobject": {
      "version": "4.0.6",
      "resolved": "https://prekarilabs.jfrog.io/prekarilabs/api/npm/npm/lodash.isplainobject/-/lodash.isplainobject-4.0.6.tgz",
      "integrity": "sha1-fFJqUtibRcRcxpC4gWO+BJf1UMs="
    },
    "lodash.isstring": {
      "version": "4.0.1",
      "resolved": "https://prekarilabs.jfrog.io/prekarilabs/api/npm/npm/lodash.isstring/-/lodash.isstring-4.0.1.tgz",
      "integrity": "sha1-1SfftUVuynzJu5XV2ur4i6VKVFE="
    },
    "lodash.once": {
      "version": "4.1.1",
      "resolved": "https://prekarilabs.jfrog.io/prekarilabs/api/npm/npm/lodash.once/-/lodash.once-4.1.1.tgz",
      "integrity": "sha1-DdOXEhPHxW34gJd9UEyI+0cal6w="
    },
    "loose-envify": {
      "version": "1.4.0",
      "resolved": "https://prekarilabs.jfrog.io/prekarilabs/api/npm/npm/loose-envify/-/loose-envify-1.4.0.tgz",
      "integrity": "sha1-ce5R+nvkyuwaY4OffmgtgTLTDK8=",
      "requires": {
        "js-tokens": "^3.0.0 || ^4.0.0"
      }
    },
    "media-typer": {
      "version": "0.3.0",
      "resolved": "https://prekarilabs.jfrog.io/prekarilabs/api/npm/npm/media-typer/-/media-typer-0.3.0.tgz",
      "integrity": "sha1-hxDXrwqmJvj/+hzgAWhUUmMlV0g="
    },
    "merge-descriptors": {
      "version": "1.0.1",
      "resolved": "https://prekarilabs.jfrog.io/prekarilabs/api/npm/npm/merge-descriptors/-/merge-descriptors-1.0.1.tgz",
      "integrity": "sha1-sAqqVW3YtEVoFQ7J0blT8/kMu2E="
    },
    "methods": {
      "version": "1.1.2",
      "resolved": "https://prekarilabs.jfrog.io/prekarilabs/api/npm/npm/methods/-/methods-1.1.2.tgz",
      "integrity": "sha1-VSmk1nZUE07cxSZmVoNbD4Ua/O4="
    },
    "mime": {
      "version": "1.6.0",
      "resolved": "https://prekarilabs.jfrog.io/prekarilabs/api/npm/npm/mime/-/mime-1.6.0.tgz",
      "integrity": "sha1-Ms2eXGRVO9WNGaVor0Uqz/BJgbE="
    },
    "mime-db": {
      "version": "1.44.0",
      "resolved": "https://prekarilabs.jfrog.io/prekarilabs/api/npm/npm/mime-db/-/mime-db-1.44.0.tgz",
      "integrity": "sha1-+hHF6wrKEzS0Izy01S8QxaYnL5I="
    },
    "mime-types": {
      "version": "2.1.27",
      "resolved": "https://prekarilabs.jfrog.io/prekarilabs/api/npm/npm/mime-types/-/mime-types-2.1.27.tgz",
      "integrity": "sha1-R5SfmOJ56lMRn1ci4PNOUpvsAJ8=",
      "requires": {
        "mime-db": "1.44.0"
      }
    },
    "ms": {
      "version": "2.0.0",
      "resolved": "https://prekarilabs.jfrog.io/prekarilabs/api/npm/npm/ms/-/ms-2.0.0.tgz",
      "integrity": "sha1-VgiurfwAvmwpAd9fmGF4jeDVl8g="
    },
    "negotiator": {
      "version": "0.6.2",
      "resolved": "https://prekarilabs.jfrog.io/prekarilabs/api/npm/npm/negotiator/-/negotiator-0.6.2.tgz",
      "integrity": "sha1-/qz3zPUlp3rpY0Q2pkiD/+yjRvs="
    },
    "object-assign": {
      "version": "4.1.1",
      "resolved": "https://prekarilabs.jfrog.io/prekarilabs/api/npm/npm/object-assign/-/object-assign-4.1.1.tgz",
      "integrity": "sha1-IQmtx5ZYh8/AXLvUQsrIv7s2CGM="
    },
    "on-finished": {
      "version": "2.3.0",
      "resolved": "https://prekarilabs.jfrog.io/prekarilabs/api/npm/npm/on-finished/-/on-finished-2.3.0.tgz",
      "integrity": "sha1-IPEzZIGwg811M3mSoWlxqi2QaUc=",
      "requires": {
        "ee-first": "1.1.1"
      }
    },
    "optimism": {
      "version": "0.12.1",
      "resolved": "https://prekarilabs.jfrog.io/prekarilabs/api/npm/npm/optimism/-/optimism-0.12.1.tgz",
      "integrity": "sha1-kz+UZ7mu8OYBZVrbljj4k+SGrQI=",
      "requires": {
        "@wry/context": "^0.5.2"
      }
    },
    "parseurl": {
      "version": "1.3.3",
      "resolved": "https://prekarilabs.jfrog.io/prekarilabs/api/npm/npm/parseurl/-/parseurl-1.3.3.tgz",
      "integrity": "sha1-naGee+6NEt/wUT7Vt2lXeTvC6NQ="
    },
    "path-parse": {
      "version": "1.0.6",
      "resolved": "https://prekarilabs.jfrog.io/prekarilabs/api/npm/npm/path-parse/-/path-parse-1.0.6.tgz",
      "integrity": "sha1-1i27VnlAXXLEc37FhgDp3c8G0kw="
    },
    "path-to-regexp": {
      "version": "0.1.7",
      "resolved": "https://prekarilabs.jfrog.io/prekarilabs/api/npm/npm/path-to-regexp/-/path-to-regexp-0.1.7.tgz",
      "integrity": "sha1-32BBeABfUi8V60SQ5yR6G/qmf4w="
    },
    "prop-types": {
      "version": "15.7.2",
      "resolved": "https://prekarilabs.jfrog.io/prekarilabs/api/npm/npm/prop-types/-/prop-types-15.7.2.tgz",
      "integrity": "sha1-UsQedbjIfnK52TYOAga5ncv/psU=",
      "requires": {
        "loose-envify": "^1.4.0",
        "object-assign": "^4.1.1",
        "react-is": "^16.8.1"
      }
    },
    "proxy-addr": {
      "version": "2.0.6",
      "resolved": "https://prekarilabs.jfrog.io/prekarilabs/api/npm/npm/proxy-addr/-/proxy-addr-2.0.6.tgz",
      "integrity": "sha1-/cIzZQVEfT8vLGOO0nLK9hS7sr8=",
      "requires": {
        "forwarded": "~0.1.2",
        "ipaddr.js": "1.9.1"
      }
    },
    "psl": {
      "version": "1.8.0",
      "resolved": "https://prekarilabs.jfrog.io/prekarilabs/api/npm/npm/psl/-/psl-1.8.0.tgz",
      "integrity": "sha1-kyb4vPsBOtzABf3/BWrM4CDlHCQ="
    },
    "qs": {
      "version": "6.7.0",
      "resolved": "https://prekarilabs.jfrog.io/prekarilabs/api/npm/npm/qs/-/qs-6.7.0.tgz",
      "integrity": "sha1-QdwaAV49WB8WIXdr4xr7KHapsbw="
    },
    "quibble": {
      "version": "0.6.4",
      "resolved": "https://prekarilabs.jfrog.io/prekarilabs/api/npm/npm/quibble/-/quibble-0.6.4.tgz",
      "integrity": "sha1-qKTWpPO38XhaftrLlFCCwEZgHBM=",
      "requires": {
        "lodash": "^4.17.14",
        "resolve": "^1.11.1"
      }
    },
    "range-parser": {
      "version": "1.2.1",
      "resolved": "https://prekarilabs.jfrog.io/prekarilabs/api/npm/npm/range-parser/-/range-parser-1.2.1.tgz",
      "integrity": "sha1-PPNwI9GZ4cJNGlW4SADC8+ZGgDE="
    },
    "raw-body": {
      "version": "2.4.0",
      "resolved": "https://prekarilabs.jfrog.io/prekarilabs/api/npm/npm/raw-body/-/raw-body-2.4.0.tgz",
      "integrity": "sha1-oc5vucm8NWylLoklarWQWeE9AzI=",
      "requires": {
        "bytes": "3.1.0",
        "http-errors": "1.7.2",
        "iconv-lite": "0.4.24",
        "unpipe": "1.0.0"
      }
    },
    "react-is": {
      "version": "16.13.1",
      "resolved": "https://prekarilabs.jfrog.io/prekarilabs/api/npm/npm/react-is/-/react-is-16.13.1.tgz",
      "integrity": "sha1-eJcppNw23imZ3BVt1sHZwYzqVqQ="
    },
    "regenerator-runtime": {
      "version": "0.13.7",
      "resolved": "https://prekarilabs.jfrog.io/prekarilabs/api/npm/npm/regenerator-runtime/-/regenerator-runtime-0.13.7.tgz",
      "integrity": "sha1-ysLazIoepnX+qrrriugziYrkb1U="
    },
    "resolve": {
      "version": "1.17.0",
      "resolved": "https://prekarilabs.jfrog.io/prekarilabs/api/npm/npm/resolve/-/resolve-1.17.0.tgz",
      "integrity": "sha1-sllBtUloIxzC0bt2p5y38sC/hEQ=",
      "requires": {
        "path-parse": "^1.0.6"
      }
    },
    "safe-buffer": {
      "version": "5.1.2",
      "resolved": "https://prekarilabs.jfrog.io/prekarilabs/api/npm/npm/safe-buffer/-/safe-buffer-5.1.2.tgz",
      "integrity": "sha1-mR7GnSluAxN0fVm9/St0XDX4go0="
    },
    "safer-buffer": {
      "version": "2.1.2",
      "resolved": "https://prekarilabs.jfrog.io/prekarilabs/api/npm/npm/safer-buffer/-/safer-buffer-2.1.2.tgz",
      "integrity": "sha1-RPoWGwGHuVSd2Eu5GAL5vYOFzWo="
    },
    "semver": {
      "version": "5.7.1",
      "resolved": "https://prekarilabs.jfrog.io/prekarilabs/api/npm/npm/semver/-/semver-5.7.1.tgz",
      "integrity": "sha1-qVT5Ma66UI0we78Gnv8MAclhFvc="
    },
    "send": {
      "version": "0.17.1",
      "resolved": "https://prekarilabs.jfrog.io/prekarilabs/api/npm/npm/send/-/send-0.17.1.tgz",
      "integrity": "sha1-wdiwWfeQD3Rm3Uk4vcROEd2zdsg=",
      "requires": {
        "debug": "2.6.9",
        "depd": "~1.1.2",
        "destroy": "~1.0.4",
        "encodeurl": "~1.0.2",
        "escape-html": "~1.0.3",
        "etag": "~1.8.1",
        "fresh": "0.5.2",
        "http-errors": "~1.7.2",
        "mime": "1.6.0",
        "ms": "2.1.1",
        "on-finished": "~2.3.0",
        "range-parser": "~1.2.1",
        "statuses": "~1.5.0"
      },
      "dependencies": {
        "ms": {
          "version": "2.1.1",
          "resolved": "https://prekarilabs.jfrog.io/prekarilabs/api/npm/npm/ms/-/ms-2.1.1.tgz",
          "integrity": "sha1-MKWGTrPrsKZvLr5tcnrwagnYbgo="
        }
      }
    },
    "serve-static": {
      "version": "1.14.1",
      "resolved": "https://prekarilabs.jfrog.io/prekarilabs/api/npm/npm/serve-static/-/serve-static-1.14.1.tgz",
      "integrity": "sha1-Zm5jbcTwEPfvKZcKiKZ0MgiYsvk=",
      "requires": {
        "encodeurl": "~1.0.2",
        "escape-html": "~1.0.3",
        "parseurl": "~1.3.3",
        "send": "0.17.1"
      }
    },
    "setprototypeof": {
      "version": "1.1.1",
      "resolved": "https://prekarilabs.jfrog.io/prekarilabs/api/npm/npm/setprototypeof/-/setprototypeof-1.1.1.tgz",
      "integrity": "sha1-fpWsskqpL1iF4KvvW6ExMw1K5oM="
    },
    "skyflow-node": {
      "version": "1.0.1-beta.1",
      "resolved": "https://prekarilabs.jfrog.io/prekarilabs/api/npm/npm/skyflow-node/-/skyflow-node-1.0.1-beta.1.tgz",
      "integrity": "sha1-O/Em5TJ8N9bD3lolmR5XEMXGqow=",
      "requires": {
        "@babel/runtime": "^7.0.0",
        "Base64": "^1.0.1",
        "axios": "^0.19.2",
        "fetch": "^1.1.0",
        "form-data": "^2.3.2",
        "https": "^1.0.0",
        "jsonwebtoken": "^8.4.0",
        "jwt-decode": "^2.2.0",
        "lodash": "^4.17.11",
        "qs": "^6.5.1"
      }
    },
    "statuses": {
      "version": "1.5.0",
      "resolved": "https://prekarilabs.jfrog.io/prekarilabs/api/npm/npm/statuses/-/statuses-1.5.0.tgz",
      "integrity": "sha1-Fhx9rBd2Wf2YEfQ3cfqZOBR4Yow="
    },
    "stringify-object-es5": {
      "version": "2.5.0",
      "resolved": "https://prekarilabs.jfrog.io/prekarilabs/api/npm/npm/stringify-object-es5/-/stringify-object-es5-2.5.0.tgz",
      "integrity": "sha1-BXw8mpChJzObudFwSikLt70KHsU=",
      "requires": {
        "is-plain-obj": "^1.0.0",
        "is-regexp": "^1.0.0"
      }
    },
    "symbol-observable": {
      "version": "1.2.0",
      "resolved": "https://prekarilabs.jfrog.io/prekarilabs/api/npm/npm/symbol-observable/-/symbol-observable-1.2.0.tgz",
      "integrity": "sha1-wiaIrtTqs83C3+rLtWFmBWCgCAQ="
    },
    "testdouble": {
      "version": "3.16.1",
      "resolved": "https://prekarilabs.jfrog.io/prekarilabs/api/npm/npm/testdouble/-/testdouble-3.16.1.tgz",
      "integrity": "sha1-BeNAW3noHV43rscVfMzVIhfJfos=",
      "requires": {
        "lodash": "^4.17.15",
        "quibble": "^0.6.4",
        "stringify-object-es5": "^2.5.0",
        "theredoc": "^1.0.0"
      }
    },
    "theredoc": {
      "version": "1.0.0",
      "resolved": "https://prekarilabs.jfrog.io/prekarilabs/api/npm/npm/theredoc/-/theredoc-1.0.0.tgz",
      "integrity": "sha1-vKzjdq9v6xhz773Q+R7QJlcP8GI="
    },
    "toidentifier": {
      "version": "1.0.0",
      "resolved": "https://prekarilabs.jfrog.io/prekarilabs/api/npm/npm/toidentifier/-/toidentifier-1.0.0.tgz",
      "integrity": "sha1-fhvjRw8ed5SLxD2Uo8j013UrpVM="
    },
    "ts-invariant": {
      "version": "0.4.4",
      "resolved": "https://prekarilabs.jfrog.io/prekarilabs/api/npm/npm/ts-invariant/-/ts-invariant-0.4.4.tgz",
      "integrity": "sha1-l6UjUYaI+TqvrQGw6A64A+sqvYY=",
      "requires": {
        "tslib": "^1.9.3"
      }
    },
    "tslib": {
      "version": "1.13.0",
      "resolved": "https://prekarilabs.jfrog.io/prekarilabs/api/npm/npm/tslib/-/tslib-1.13.0.tgz",
      "integrity": "sha1-yIHhPMcBWJTtkUhi0nZDb6mkcEM="
    },
    "type-is": {
      "version": "1.6.18",
      "resolved": "https://prekarilabs.jfrog.io/prekarilabs/api/npm/npm/type-is/-/type-is-1.6.18.tgz",
      "integrity": "sha1-TlUs0F3wlGfcvE73Od6J8s83wTE=",
      "requires": {
        "media-typer": "0.3.0",
        "mime-types": "~2.1.24"
      }
    },
    "typescript": {
      "version": "3.9.7",
      "resolved": "https://prekarilabs.jfrog.io/prekarilabs/api/npm/npm/typescript/-/typescript-3.9.7.tgz",
      "integrity": "sha1-mNYApevcOPQMsndSLxLcgA6eJfo="
    },
    "unpipe": {
      "version": "1.0.0",
      "resolved": "https://prekarilabs.jfrog.io/prekarilabs/api/npm/npm/unpipe/-/unpipe-1.0.0.tgz",
      "integrity": "sha1-sr9O6FFKrmFltIF4KdIbLvSZBOw="
    },
    "utils-merge": {
      "version": "1.0.1",
      "resolved": "https://prekarilabs.jfrog.io/prekarilabs/api/npm/npm/utils-merge/-/utils-merge-1.0.1.tgz",
      "integrity": "sha1-n5VxD1CiZ5R7LMwSR0HBAoQn5xM="
    },
    "vary": {
      "version": "1.1.2",
      "resolved": "https://prekarilabs.jfrog.io/prekarilabs/api/npm/npm/vary/-/vary-1.1.2.tgz",
      "integrity": "sha1-IpnwLG3tMNSllhsLn3RSShj2NPw="
    },
    "zen-observable": {
      "version": "0.8.15",
      "resolved": "https://prekarilabs.jfrog.io/prekarilabs/api/npm/npm/zen-observable/-/zen-observable-0.8.15.tgz",
      "integrity": "sha1-lkFcUS2OP/2SCv04iWBOMLnqrBU="
    }
  }
}
